PODS:
  - Alamofire (5.2.2)
  - MBProgressHUD (1.2.0)
  - RSSelectionMenu (7.1.3)
  - RxCocoa (6.1.0):
    - RxRelay (= 6.1.0)
    - RxSwift (= 6.1.0)
  - RxRelay (6.1.0):
    - RxSwift (= 6.1.0)
  - RxSwift (6.1.0)

DEPENDENCIES:
  - Alamofire
  - MBProgressHUD
  - RSSelectionMenu
  - RxCocoa
  - RxSwift

SPEC REPOS:
  trunk:
    - Alamofire
    - MBProgressHUD
    - RSSelectionMenu
    - RxCocoa
    - RxRelay
    - RxSwift

SPEC CHECKSUMS:
  Alamofire: 814429acc853c6c54ff123fc3d2ef66803823ce0
  MBProgressHUD: 3ee5efcc380f6a79a7cc9b363dd669c5e1ae7406
  RSSelectionMenu: 873d62ebbaef138519f6cf3f073412c2b5d94c2c
  RxCocoa: 5c51f02d562cbd94629f6c26cf0c80fe4ab8d343
  RxRelay: 483e1a19fad961b41f0b0c0bee506f46c1ae14fe
  RxSwift: a834e5c538e89eca0cae86f403f4fbf0336786ce

PODFILE CHECKSUM: b83ce01f8e95c32587dc8ad492962ca47041e94a

COCOAPODS: 1.10.1
