// !$*UTF8*$!
{
	archiveVersion = 1;
	classes = {
	};
	objectVersion = 51;
	objects = {

/* Begin PBXBuildFile section */
		4E207773700FABFAA7D19013 /* Pods_MVVM.framework in Frameworks */ = {isa = PBXBuildFile; fileRef = B7CC76BC7872CAFB6F7863E6 /* Pods_MVVM.framework */; };
		8D5862CD211C9B1AEAF50540 /* Pods_MVVMTests.framework in Frameworks */ = {isa = PBXBuildFile; fileRef = 81B6268CAEE37D34CABFDFC3 /* Pods_MVVMTests.framework */; };
		C72B6A576FB80B1C7CD2325C /* Pods_MVVM_MVVMUITests.framework in Frameworks */ = {isa = PBXBuildFile; fileRef = 0C3C3C8B4370595E7CC60093 /* Pods_MVVM_MVVMUITests.framework */; };
		E23C548E265A7B5700D64938 /* BindingAndSubscribingLogin.swift in Sources */ = {isa = PBXBuildFile; fileRef = E23C548D265A7B5700D64938 /* BindingAndSubscribingLogin.swift */; };
		E23CA9DE265BB2FE0074FEBA /* SplashVC.swift in Sources */ = {isa = PBXBuildFile; fileRef = E23CA9DD265BB2FE0074FEBA /* SplashVC.swift */; };
		E23CA9E9265BEC490074FEBA /* Profile.storyboard in Resources */ = {isa = PBXBuildFile; fileRef = E23CA9E8265BEC490074FEBA /* Profile.storyboard */; };
		E23CA9EE265BEC5C0074FEBA /* ProfileVC.swift in Sources */ = {isa = PBXBuildFile; fileRef = E23CA9ED265BEC5C0074FEBA /* ProfileVC.swift */; };
		E242CDD426414888009312D7 /* FavoriteViewModel.swift in Sources */ = {isa = PBXBuildFile; fileRef = E242CDD326414888009312D7 /* FavoriteViewModel.swift */; };
		E242CDE626414CCB009312D7 /* NetworkError.swift in Sources */ = {isa = PBXBuildFile; fileRef = E242CDE526414CCB009312D7 /* NetworkError.swift */; };
		E242CDF0264152C9009312D7 /* WalletAPI.swift in Sources */ = {isa = PBXBuildFile; fileRef = E242CDEF264152C9009312D7 /* WalletAPI.swift */; };
		E245C3EA265CFA42004BCA41 /* ProfileViewModel.swift in Sources */ = {isa = PBXBuildFile; fileRef = E245C3E9265CFA42004BCA41 /* ProfileViewModel.swift */; };
		E245C3EF265CFA4F004BCA41 /* ProfileAPI.swift in Sources */ = {isa = PBXBuildFile; fileRef = E245C3EE265CFA4F004BCA41 /* ProfileAPI.swift */; };
		E245C3F4265CFA66004BCA41 /* ProfileModel.swift in Sources */ = {isa = PBXBuildFile; fileRef = E245C3F3265CFA66004BCA41 /* ProfileModel.swift */; };
		E245C418265D1E39004BCA41 /* PickerModel.swift in Sources */ = {isa = PBXBuildFile; fileRef = E245C417265D1E39004BCA41 /* PickerModel.swift */; };
		E245C42E265D39D8004BCA41 /* BindingAndSubscribingwallet.swift in Sources */ = {isa = PBXBuildFile; fileRef = E245C42D265D39D8004BCA41 /* BindingAndSubscribingwallet.swift */; };
		E245C436265D3A71004BCA41 /* BindingAndSubscribingProfile.swift in Sources */ = {isa = PBXBuildFile; fileRef = E245C435265D3A71004BCA41 /* BindingAndSubscribingProfile.swift */; };
		E24730A2266780F400057592 /* AddressData.swift in Sources */ = {isa = PBXBuildFile; fileRef = E24730A1266780F400057592 /* AddressData.swift */; };
		E24730A72667811400057592 /* AddressModel.swift in Sources */ = {isa = PBXBuildFile; fileRef = E24730A62667811400057592 /* AddressModel.swift */; };
		E24730AC2667817B00057592 /* DeliveryAddressVC.swift in Sources */ = {isa = PBXBuildFile; fileRef = E24730AB2667817B00057592 /* DeliveryAddressVC.swift */; };
		E24730B12667819600057592 /* DeliveryAddressViewModel.swift in Sources */ = {isa = PBXBuildFile; fileRef = E24730B02667819600057592 /* DeliveryAddressViewModel.swift */; };
		E24730B6266782ED00057592 /* DeleveryAddressAPI.swift in Sources */ = {isa = PBXBuildFile; fileRef = E24730B5266782EC00057592 /* DeleveryAddressAPI.swift */; };
		E24730BB2667873E00057592 /* DeliveryAddress.storyboard in Resources */ = {isa = PBXBuildFile; fileRef = E24730BA2667873E00057592 /* DeliveryAddress.storyboard */; };
		E24730C12667885F00057592 /* DeliveryAddressCell.swift in Sources */ = {isa = PBXBuildFile; fileRef = E24730C02667885F00057592 /* DeliveryAddressCell.swift */; };
		E24730CA266795CD00057592 /* DeleteAddressModel.swift in Sources */ = {isa = PBXBuildFile; fileRef = E24730C9266795CD00057592 /* DeleteAddressModel.swift */; };
		E24730D02667961D00057592 /* DefultAddressModel.swift in Sources */ = {isa = PBXBuildFile; fileRef = E24730CF2667961D00057592 /* DefultAddressModel.swift */; };
		E24730D82667965700057592 /* DeleteAddressAPI.swift in Sources */ = {isa = PBXBuildFile; fileRef = E24730D72667965700057592 /* DeleteAddressAPI.swift */; };
		E24730DD266796C900057592 /* SetDefultAddressAPI.swift in Sources */ = {isa = PBXBuildFile; fileRef = E24730DC266796C900057592 /* SetDefultAddressAPI.swift */; };
		E24730E52667AC6600057592 /* BindingAndSubscribingAddress.swift in Sources */ = {isa = PBXBuildFile; fileRef = E24730E42667AC6600057592 /* BindingAndSubscribingAddress.swift */; };
		E24730F12667AFEF00057592 /* AddNewAddressVC.swift in Sources */ = {isa = PBXBuildFile; fileRef = E24730F02667AFEF00057592 /* AddNewAddressVC.swift */; };
		E24730F62667B76300057592 /* BindingAndSubscribingShowMenu.swift in Sources */ = {isa = PBXBuildFile; fileRef = E24730F52667B76300057592 /* BindingAndSubscribingShowMenu.swift */; };
		E2476CC6263EB077006A847C /* WalletLinks.swift in Sources */ = {isa = PBXBuildFile; fileRef = E2476CC5263EB077006A847C /* WalletLinks.swift */; };
		E2476CCB263EB092006A847C /* WalletData.swift in Sources */ = {isa = PBXBuildFile; fileRef = E2476CCA263EB092006A847C /* WalletData.swift */; };
		E2476CD0263EB0B5006A847C /* WalletModel.swift in Sources */ = {isa = PBXBuildFile; fileRef = E2476CCF263EB0B5006A847C /* WalletModel.swift */; };
		E2476CD8263EB0EE006A847C /* WalletViewModel.swift in Sources */ = {isa = PBXBuildFile; fileRef = E2476CD7263EB0EE006A847C /* WalletViewModel.swift */; };
		E2476CE0263EB301006A847C /* WalletMeta.swift in Sources */ = {isa = PBXBuildFile; fileRef = E2476CDF263EB301006A847C /* WalletMeta.swift */; };
		E2476CED263EB3C9006A847C /* ModelError.swift in Sources */ = {isa = PBXBuildFile; fileRef = E2476CEC263EB3C9006A847C /* ModelError.swift */; };
		E2476CF3263EB6FC006A847C /* WalletStoryBoard.storyboard in Resources */ = {isa = PBXBuildFile; fileRef = E2476CF2263EB6FC006A847C /* WalletStoryBoard.storyboard */; };
		E2476CFC263EB726006A847C /* WalletTableViewCell.swift in Sources */ = {isa = PBXBuildFile; fileRef = E2476CFB263EB726006A847C /* WalletTableViewCell.swift */; };
		E2476D07263EB90B006A847C /* WalletViewController.swift in Sources */ = {isa = PBXBuildFile; fileRef = E2476D06263EB90B006A847C /* WalletViewController.swift */; };
		E249C82D266E1E9700E0763E /* ColorExtentions.swift in Sources */ = {isa = PBXBuildFile; fileRef = E249C82C266E1E9700E0763E /* ColorExtentions.swift */; };
		E249C836266E1FFA00E0763E /* Gif+image.swift in Sources */ = {isa = PBXBuildFile; fileRef = E249C835266E1FFA00E0763E /* Gif+image.swift */; };
		E249C83D266E208400E0763E /* LoaderView.swift in Sources */ = {isa = PBXBuildFile; fileRef = E249C83C266E208400E0763E /* LoaderView.swift */; };
		E249C843266E20DD00E0763E /* UITextField+Extension.swift in Sources */ = {isa = PBXBuildFile; fileRef = E249C842266E20DD00E0763E /* UITextField+Extension.swift */; };
		E249C84C266E216A00E0763E /* CollectionAndTableEX.swift in Sources */ = {isa = PBXBuildFile; fileRef = E249C84B266E216A00E0763E /* CollectionAndTableEX.swift */; };
		E249C855266E21CA00E0763E /* UIImagePickerControllerExtension.swift in Sources */ = {isa = PBXBuildFile; fileRef = E249C854266E21CA00E0763E /* UIImagePickerControllerExtension.swift */; };
		E249C85E266E21F500E0763E /* DesignableTF.swift in Sources */ = {isa = PBXBuildFile; fileRef = E249C85D266E21F500E0763E /* DesignableTF.swift */; };
		E249C867266E228700E0763E /* OpenLinks.swift in Sources */ = {isa = PBXBuildFile; fileRef = E249C866266E228700E0763E /* OpenLinks.swift */; };
		E249C870266E22BB00E0763E /* CheckButton.swift in Sources */ = {isa = PBXBuildFile; fileRef = E249C86F266E22BB00E0763E /* CheckButton.swift */; };
		E249C876266E22FA00E0763E /* UIViewController+EX.swift in Sources */ = {isa = PBXBuildFile; fileRef = E249C875266E22FA00E0763E /* UIViewController+EX.swift */; };
		E249C87F266E23FF00E0763E /* UIViewEx.swift in Sources */ = {isa = PBXBuildFile; fileRef = E249C87E266E23FF00E0763E /* UIViewEx.swift */; };
		E24DF341263D640A00E50834 /* AppDelegate.swift in Sources */ = {isa = PBXBuildFile; fileRef = E24DF340263D640A00E50834 /* AppDelegate.swift */; };
		E24DF343263D640A00E50834 /* SceneDelegate.swift in Sources */ = {isa = PBXBuildFile; fileRef = E24DF342263D640A00E50834 /* SceneDelegate.swift */; };
		E24DF345263D640A00E50834 /* ViewController.swift in Sources */ = {isa = PBXBuildFile; fileRef = E24DF344263D640A00E50834 /* ViewController.swift */; };
		E24DF348263D640A00E50834 /* Main.storyboard in Resources */ = {isa = PBXBuildFile; fileRef = E24DF346263D640A00E50834 /* Main.storyboard */; };
		E24DF34A263D640F00E50834 /* Assets.xcassets in Resources */ = {isa = PBXBuildFile; fileRef = E24DF349263D640F00E50834 /* Assets.xcassets */; };
		E24DF34D263D640F00E50834 /* LaunchScreen.storyboard in Resources */ = {isa = PBXBuildFile; fileRef = E24DF34B263D640F00E50834 /* LaunchScreen.storyboard */; };
		E24DF358263D640F00E50834 /* MVVMTests.swift in Sources */ = {isa = PBXBuildFile; fileRef = E24DF357263D640F00E50834 /* MVVMTests.swift */; };
		E24DF363263D640F00E50834 /* MVVMUITests.swift in Sources */ = {isa = PBXBuildFile; fileRef = E24DF362263D640F00E50834 /* MVVMUITests.swift */; };
		E24DF375263D69F400E50834 /* APISERVICE.swift in Sources */ = {isa = PBXBuildFile; fileRef = E24DF374263D69F400E50834 /* APISERVICE.swift */; };
		E24DF397263D6F4800E50834 /* LoginViewModel.swift in Sources */ = {isa = PBXBuildFile; fileRef = E24DF396263D6F4800E50834 /* LoginViewModel.swift */; };
		E24DF3B5263D72E200E50834 /* LoginModel.swift in Sources */ = {isa = PBXBuildFile; fileRef = E24DF3B4263D72E200E50834 /* LoginModel.swift */; };
		E24DF3BA263D72FB00E50834 /* LoginFailureModel.swift in Sources */ = {isa = PBXBuildFile; fileRef = E24DF3B9263D72FB00E50834 /* LoginFailureModel.swift */; };
		E24DF3BF263D732A00E50834 /* User.swift in Sources */ = {isa = PBXBuildFile; fileRef = E24DF3BE263D732A00E50834 /* User.swift */; };
		E24DF3D3263D832600E50834 /* EX.swift in Sources */ = {isa = PBXBuildFile; fileRef = E24DF3D2263D832600E50834 /* EX.swift */; };
		E25D452926565ABA0017F98E /* LoginAPI.swift in Sources */ = {isa = PBXBuildFile; fileRef = E25D452826565ABA0017F98E /* LoginAPI.swift */; };
		E25D7F5B26664BD100DAC671 /* ShowMenuViewModel.swift in Sources */ = {isa = PBXBuildFile; fileRef = E25D7F5A26664BD100DAC671 /* ShowMenuViewModel.swift */; };
		E25D7F6326664BEE00DAC671 /* ShowMenuVC.swift in Sources */ = {isa = PBXBuildFile; fileRef = E25D7F6226664BEE00DAC671 /* ShowMenuVC.swift */; };
		E25D7F6826664BFE00DAC671 /* ShowMenu.storyboard in Resources */ = {isa = PBXBuildFile; fileRef = E25D7F6726664BFE00DAC671 /* ShowMenu.storyboard */; };
/* End PBXBuildFile section */

/* Begin PBXContainerItemProxy section */
		E24DF354263D640F00E50834 /* PBXContainerItemProxy */ = {
			isa = PBXContainerItemProxy;
			containerPortal = E24DF335263D640A00E50834 /* Project object */;
			proxyType = 1;
			remoteGlobalIDString = E24DF33C263D640A00E50834;
			remoteInfo = MVVM;
		};
		E24DF35F263D640F00E50834 /* PBXContainerItemProxy */ = {
			isa = PBXContainerItemProxy;
			containerPortal = E24DF335263D640A00E50834 /* Project object */;
			proxyType = 1;
			remoteGlobalIDString = E24DF33C263D640A00E50834;
			remoteInfo = MVVM;
		};
/* End PBXContainerItemProxy section */

/* Begin PBXFileReference section */
		054AF6EA0F17130C90868761 /* Pods-MVVM.release.xcconfig */ = {isa = PBXFileReference; includeInIndex = 1; lastKnownFileType = text.xcconfig; name = "Pods-MVVM.release.xcconfig"; path = "Target Support Files/Pods-MVVM/Pods-MVVM.release.xcconfig"; sourceTree = "<group>"; };
		0C3C3C8B4370595E7CC60093 /* Pods_MVVM_MVVMUITests.framework */ = {isa = PBXFileReference; explicitFileType = wrapper.framework; includeInIndex = 0; path = Pods_MVVM_MVVMUITests.framework; sourceTree = BUILT_PRODUCTS_DIR; };
		464F025004E27A8CBF37909A /* Pods-MVVMTests.debug.xcconfig */ = {isa = PBXFileReference; includeInIndex = 1; lastKnownFileType = text.xcconfig; name = "Pods-MVVMTests.debug.xcconfig"; path = "Target Support Files/Pods-MVVMTests/Pods-MVVMTests.debug.xcconfig"; sourceTree = "<group>"; };
		54B9B827D92C3254AFEA90CB /* Pods-MVVM-MVVMUITests.debug.xcconfig */ = {isa = PBXFileReference; includeInIndex = 1; lastKnownFileType = text.xcconfig; name = "Pods-MVVM-MVVMUITests.debug.xcconfig"; path = "Target Support Files/Pods-MVVM-MVVMUITests/Pods-MVVM-MVVMUITests.debug.xcconfig"; sourceTree = "<group>"; };
		57444BEEFB800401CCE183F6 /* Pods-MVVMTests.release.xcconfig */ = {isa = PBXFileReference; includeInIndex = 1; lastKnownFileType = text.xcconfig; name = "Pods-MVVMTests.release.xcconfig"; path = "Target Support Files/Pods-MVVMTests/Pods-MVVMTests.release.xcconfig"; sourceTree = "<group>"; };
		66675CD123A167B4359E68D4 /* Pods-MVVM-MVVMUITests.release.xcconfig */ = {isa = PBXFileReference; includeInIndex = 1; lastKnownFileType = text.xcconfig; name = "Pods-MVVM-MVVMUITests.release.xcconfig"; path = "Target Support Files/Pods-MVVM-MVVMUITests/Pods-MVVM-MVVMUITests.release.xcconfig"; sourceTree = "<group>"; };
		81B6268CAEE37D34CABFDFC3 /* Pods_MVVMTests.framework */ = {isa = PBXFileReference; explicitFileType = wrapper.framework; includeInIndex = 0; path = Pods_MVVMTests.framework; sourceTree = BUILT_PRODUCTS_DIR; };
		B7CC76BC7872CAFB6F7863E6 /* Pods_MVVM.framework */ = {isa = PBXFileReference; explicitFileType = wrapper.framework; includeInIndex = 0; path = Pods_MVVM.framework; sourceTree = BUILT_PRODUCTS_DIR; };
		C82C9A4CE3EFB5FC9A0C14C6 /* Pods-MVVM.debug.xcconfig */ = {isa = PBXFileReference; includeInIndex = 1; lastKnownFileType = text.xcconfig; name = "Pods-MVVM.debug.xcconfig"; path = "Target Support Files/Pods-MVVM/Pods-MVVM.debug.xcconfig"; sourceTree = "<group>"; };
		E23C548D265A7B5700D64938 /* BindingAndSubscribingLogin.swift */ = {isa = PBXFileReference; lastKnownFileType = sourcecode.swift; path = BindingAndSubscribingLogin.swift; sourceTree = "<group>"; };
		E23CA9DD265BB2FE0074FEBA /* SplashVC.swift */ = {isa = PBXFileReference; lastKnownFileType = sourcecode.swift; path = SplashVC.swift; sourceTree = "<group>"; };
		E23CA9E8265BEC490074FEBA /* Profile.storyboard */ = {isa = PBXFileReference; lastKnownFileType = file.storyboard; path = Profile.storyboard; sourceTree = "<group>"; };
		E23CA9ED265BEC5C0074FEBA /* ProfileVC.swift */ = {isa = PBXFileReference; lastKnownFileType = sourcecode.swift; path = ProfileVC.swift; sourceTree = "<group>"; };
		E242CDD326414888009312D7 /* FavoriteViewModel.swift */ = {isa = PBXFileReference; lastKnownFileType = sourcecode.swift; path = FavoriteViewModel.swift; sourceTree = "<group>"; };
		E242CDE526414CCB009312D7 /* NetworkError.swift */ = {isa = PBXFileReference; lastKnownFileType = sourcecode.swift; path = NetworkError.swift; sourceTree = "<group>"; };
		E242CDEF264152C9009312D7 /* WalletAPI.swift */ = {isa = PBXFileReference; lastKnownFileType = sourcecode.swift; path = WalletAPI.swift; sourceTree = "<group>"; };
		E245C3E9265CFA42004BCA41 /* ProfileViewModel.swift */ = {isa = PBXFileReference; lastKnownFileType = sourcecode.swift; path = ProfileViewModel.swift; sourceTree = "<group>"; };
		E245C3EE265CFA4F004BCA41 /* ProfileAPI.swift */ = {isa = PBXFileReference; lastKnownFileType = sourcecode.swift; path = ProfileAPI.swift; sourceTree = "<group>"; };
		E245C3F3265CFA66004BCA41 /* ProfileModel.swift */ = {isa = PBXFileReference; lastKnownFileType = sourcecode.swift; path = ProfileModel.swift; sourceTree = "<group>"; };
		E245C417265D1E39004BCA41 /* PickerModel.swift */ = {isa = PBXFileReference; lastKnownFileType = sourcecode.swift; path = PickerModel.swift; sourceTree = "<group>"; };
		E245C42D265D39D8004BCA41 /* BindingAndSubscribingwallet.swift */ = {isa = PBXFileReference; lastKnownFileType = sourcecode.swift; path = BindingAndSubscribingwallet.swift; sourceTree = "<group>"; };
		E245C435265D3A71004BCA41 /* BindingAndSubscribingProfile.swift */ = {isa = PBXFileReference; lastKnownFileType = sourcecode.swift; path = BindingAndSubscribingProfile.swift; sourceTree = "<group>"; };
		E24730A1266780F400057592 /* AddressData.swift */ = {isa = PBXFileReference; lastKnownFileType = sourcecode.swift; path = AddressData.swift; sourceTree = "<group>"; };
		E24730A62667811400057592 /* AddressModel.swift */ = {isa = PBXFileReference; lastKnownFileType = sourcecode.swift; path = AddressModel.swift; sourceTree = "<group>"; };
		E24730AB2667817B00057592 /* DeliveryAddressVC.swift */ = {isa = PBXFileReference; lastKnownFileType = sourcecode.swift; path = DeliveryAddressVC.swift; sourceTree = "<group>"; };
		E24730B02667819600057592 /* DeliveryAddressViewModel.swift */ = {isa = PBXFileReference; lastKnownFileType = sourcecode.swift; path = DeliveryAddressViewModel.swift; sourceTree = "<group>"; };
		E24730B5266782EC00057592 /* DeleveryAddressAPI.swift */ = {isa = PBXFileReference; lastKnownFileType = sourcecode.swift; path = DeleveryAddressAPI.swift; sourceTree = "<group>"; };
		E24730BA2667873E00057592 /* DeliveryAddress.storyboard */ = {isa = PBXFileReference; lastKnownFileType = file.storyboard; path = DeliveryAddress.storyboard; sourceTree = "<group>"; };
		E24730C02667885F00057592 /* DeliveryAddressCell.swift */ = {isa = PBXFileReference; lastKnownFileType = sourcecode.swift; path = DeliveryAddressCell.swift; sourceTree = "<group>"; };
		E24730C9266795CD00057592 /* DeleteAddressModel.swift */ = {isa = PBXFileReference; lastKnownFileType = sourcecode.swift; path = DeleteAddressModel.swift; sourceTree = "<group>"; };
		E24730CF2667961D00057592 /* DefultAddressModel.swift */ = {isa = PBXFileReference; lastKnownFileType = sourcecode.swift; path = DefultAddressModel.swift; sourceTree = "<group>"; };
		E24730D72667965700057592 /* DeleteAddressAPI.swift */ = {isa = PBXFileReference; lastKnownFileType = sourcecode.swift; path = DeleteAddressAPI.swift; sourceTree = "<group>"; };
		E24730DC266796C900057592 /* SetDefultAddressAPI.swift */ = {isa = PBXFileReference; lastKnownFileType = sourcecode.swift; path = SetDefultAddressAPI.swift; sourceTree = "<group>"; };
		E24730E42667AC6600057592 /* BindingAndSubscribingAddress.swift */ = {isa = PBXFileReference; lastKnownFileType = sourcecode.swift; path = BindingAndSubscribingAddress.swift; sourceTree = "<group>"; };
		E24730F02667AFEF00057592 /* AddNewAddressVC.swift */ = {isa = PBXFileReference; lastKnownFileType = sourcecode.swift; path = AddNewAddressVC.swift; sourceTree = "<group>"; };
		E24730F52667B76300057592 /* BindingAndSubscribingShowMenu.swift */ = {isa = PBXFileReference; lastKnownFileType = sourcecode.swift; path = BindingAndSubscribingShowMenu.swift; sourceTree = "<group>"; };
		E2476CC5263EB077006A847C /* WalletLinks.swift */ = {isa = PBXFileReference; lastKnownFileType = sourcecode.swift; path = WalletLinks.swift; sourceTree = "<group>"; };
		E2476CCA263EB092006A847C /* WalletData.swift */ = {isa = PBXFileReference; lastKnownFileType = sourcecode.swift; path = WalletData.swift; sourceTree = "<group>"; };
		E2476CCF263EB0B5006A847C /* WalletModel.swift */ = {isa = PBXFileReference; lastKnownFileType = sourcecode.swift; path = WalletModel.swift; sourceTree = "<group>"; };
		E2476CD7263EB0EE006A847C /* WalletViewModel.swift */ = {isa = PBXFileReference; lastKnownFileType = sourcecode.swift; path = WalletViewModel.swift; sourceTree = "<group>"; };
		E2476CDF263EB301006A847C /* WalletMeta.swift */ = {isa = PBXFileReference; lastKnownFileType = sourcecode.swift; path = WalletMeta.swift; sourceTree = "<group>"; };
		E2476CEC263EB3C9006A847C /* ModelError.swift */ = {isa = PBXFileReference; lastKnownFileType = sourcecode.swift; path = ModelError.swift; sourceTree = "<group>"; };
		E2476CF2263EB6FC006A847C /* WalletStoryBoard.storyboard */ = {isa = PBXFileReference; lastKnownFileType = file.storyboard; path = WalletStoryBoard.storyboard; sourceTree = "<group>"; };
		E2476CFB263EB726006A847C /* WalletTableViewCell.swift */ = {isa = PBXFileReference; lastKnownFileType = sourcecode.swift; path = WalletTableViewCell.swift; sourceTree = "<group>"; };
		E2476D06263EB90B006A847C /* WalletViewController.swift */ = {isa = PBXFileReference; lastKnownFileType = sourcecode.swift; path = WalletViewController.swift; sourceTree = "<group>"; };
		E249C82C266E1E9700E0763E /* ColorExtentions.swift */ = {isa = PBXFileReference; lastKnownFileType = sourcecode.swift; path = ColorExtentions.swift; sourceTree = "<group>"; };
		E249C835266E1FFA00E0763E /* Gif+image.swift */ = {isa = PBXFileReference; lastKnownFileType = sourcecode.swift; path = "Gif+image.swift"; sourceTree = "<group>"; };
		E249C83C266E208400E0763E /* LoaderView.swift */ = {isa = PBXFileReference; lastKnownFileType = sourcecode.swift; path = LoaderView.swift; sourceTree = "<group>"; };
		E249C842266E20DD00E0763E /* UITextField+Extension.swift */ = {isa = PBXFileReference; lastKnownFileType = sourcecode.swift; path = "UITextField+Extension.swift"; sourceTree = "<group>"; };
		E249C84B266E216A00E0763E /* CollectionAndTableEX.swift */ = {isa = PBXFileReference; lastKnownFileType = sourcecode.swift; path = CollectionAndTableEX.swift; sourceTree = "<group>"; };
		E249C854266E21CA00E0763E /* UIImagePickerControllerExtension.swift */ = {isa = PBXFileReference; lastKnownFileType = sourcecode.swift; path = UIImagePickerControllerExtension.swift; sourceTree = "<group>"; };
		E249C85D266E21F500E0763E /* DesignableTF.swift */ = {isa = PBXFileReference; lastKnownFileType = sourcecode.swift; path = DesignableTF.swift; sourceTree = "<group>"; };
		E249C866266E228700E0763E /* OpenLinks.swift */ = {isa = PBXFileReference; lastKnownFileType = sourcecode.swift; path = OpenLinks.swift; sourceTree = "<group>"; };
		E249C86F266E22BB00E0763E /* CheckButton.swift */ = {isa = PBXFileReference; lastKnownFileType = sourcecode.swift; path = CheckButton.swift; sourceTree = "<group>"; };
		E249C875266E22FA00E0763E /* UIViewController+EX.swift */ = {isa = PBXFileReference; lastKnownFileType = sourcecode.swift; path = "UIViewController+EX.swift"; sourceTree = "<group>"; };
		E249C87E266E23FF00E0763E /* UIViewEx.swift */ = {isa = PBXFileReference; lastKnownFileType = sourcecode.swift; path = UIViewEx.swift; sourceTree = "<group>"; };
		E24DF33D263D640A00E50834 /* MVVM.app */ = {isa = PBXFileReference; explicitFileType = wrapper.application; includeInIndex = 0; path = MVVM.app; sourceTree = BUILT_PRODUCTS_DIR; };
		E24DF340263D640A00E50834 /* AppDelegate.swift */ = {isa = PBXFileReference; lastKnownFileType = sourcecode.swift; path = AppDelegate.swift; sourceTree = "<group>"; };
		E24DF342263D640A00E50834 /* SceneDelegate.swift */ = {isa = PBXFileReference; lastKnownFileType = sourcecode.swift; path = SceneDelegate.swift; sourceTree = "<group>"; };
		E24DF344263D640A00E50834 /* ViewController.swift */ = {isa = PBXFileReference; lastKnownFileType = sourcecode.swift; path = ViewController.swift; sourceTree = "<group>"; };
		E24DF347263D640A00E50834 /* Base */ = {isa = PBXFileReference; lastKnownFileType = file.storyboard; name = Base; path = Base.lproj/Main.storyboard; sourceTree = "<group>"; };
		E24DF349263D640F00E50834 /* Assets.xcassets */ = {isa = PBXFileReference; lastKnownFileType = folder.assetcatalog; path = Assets.xcassets; sourceTree = "<group>"; };
		E24DF34C263D640F00E50834 /* Base */ = {isa = PBXFileReference; lastKnownFileType = file.storyboard; name = Base; path = Base.lproj/LaunchScreen.storyboard; sourceTree = "<group>"; };
		E24DF34E263D640F00E50834 /* Info.plist */ = {isa = PBXFileReference; lastKnownFileType = text.plist.xml; path = Info.plist; sourceTree = "<group>"; };
		E24DF353263D640F00E50834 /* MVVMTests.xctest */ = {isa = PBXFileReference; explicitFileType = wrapper.cfbundle; includeInIndex = 0; path = MVVMTests.xctest; sourceTree = BUILT_PRODUCTS_DIR; };
		E24DF357263D640F00E50834 /* MVVMTests.swift */ = {isa = PBXFileReference; lastKnownFileType = sourcecode.swift; path = MVVMTests.swift; sourceTree = "<group>"; };
		E24DF359263D640F00E50834 /* Info.plist */ = {isa = PBXFileReference; lastKnownFileType = text.plist.xml; path = Info.plist; sourceTree = "<group>"; };
		E24DF35E263D640F00E50834 /* MVVMUITests.xctest */ = {isa = PBXFileReference; explicitFileType = wrapper.cfbundle; includeInIndex = 0; path = MVVMUITests.xctest; sourceTree = BUILT_PRODUCTS_DIR; };
		E24DF362263D640F00E50834 /* MVVMUITests.swift */ = {isa = PBXFileReference; lastKnownFileType = sourcecode.swift; path = MVVMUITests.swift; sourceTree = "<group>"; };
		E24DF364263D640F00E50834 /* Info.plist */ = {isa = PBXFileReference; lastKnownFileType = text.plist.xml; path = Info.plist; sourceTree = "<group>"; };
		E24DF374263D69F400E50834 /* APISERVICE.swift */ = {isa = PBXFileReference; lastKnownFileType = sourcecode.swift; path = APISERVICE.swift; sourceTree = "<group>"; };
		E24DF396263D6F4800E50834 /* LoginViewModel.swift */ = {isa = PBXFileReference; lastKnownFileType = sourcecode.swift; path = LoginViewModel.swift; sourceTree = "<group>"; };
		E24DF3B4263D72E200E50834 /* LoginModel.swift */ = {isa = PBXFileReference; lastKnownFileType = sourcecode.swift; path = LoginModel.swift; sourceTree = "<group>"; };
		E24DF3B9263D72FB00E50834 /* LoginFailureModel.swift */ = {isa = PBXFileReference; lastKnownFileType = sourcecode.swift; path = LoginFailureModel.swift; sourceTree = "<group>"; };
		E24DF3BE263D732A00E50834 /* User.swift */ = {isa = PBXFileReference; lastKnownFileType = sourcecode.swift; path = User.swift; sourceTree = "<group>"; };
		E24DF3D2263D832600E50834 /* EX.swift */ = {isa = PBXFileReference; lastKnownFileType = sourcecode.swift; path = EX.swift; sourceTree = "<group>"; };
		E25D452826565ABA0017F98E /* LoginAPI.swift */ = {isa = PBXFileReference; lastKnownFileType = sourcecode.swift; path = LoginAPI.swift; sourceTree = "<group>"; };
		E25D7F5A26664BD100DAC671 /* ShowMenuViewModel.swift */ = {isa = PBXFileReference; lastKnownFileType = sourcecode.swift; path = ShowMenuViewModel.swift; sourceTree = "<group>"; };
		E25D7F6226664BEE00DAC671 /* ShowMenuVC.swift */ = {isa = PBXFileReference; lastKnownFileType = sourcecode.swift; path = ShowMenuVC.swift; sourceTree = "<group>"; };
		E25D7F6726664BFE00DAC671 /* ShowMenu.storyboard */ = {isa = PBXFileReference; lastKnownFileType = file.storyboard; path = ShowMenu.storyboard; sourceTree = "<group>"; };
/* End PBXFileReference section */

/* Begin PBXFrameworksBuildPhase section */
		E24DF33A263D640A00E50834 /* Frameworks */ = {
			isa = PBXFrameworksBuildPhase;
			buildActionMask = 2147483647;
			files = (
				4E207773700FABFAA7D19013 /* Pods_MVVM.framework in Frameworks */,
			);
			runOnlyForDeploymentPostprocessing = 0;
		};
		E24DF350263D640F00E50834 /* Frameworks */ = {
			isa = PBXFrameworksBuildPhase;
			buildActionMask = 2147483647;
			files = (
				8D5862CD211C9B1AEAF50540 /* Pods_MVVMTests.framework in Frameworks */,
			);
			runOnlyForDeploymentPostprocessing = 0;
		};
		E24DF35B263D640F00E50834 /* Frameworks */ = {
			isa = PBXFrameworksBuildPhase;
			buildActionMask = 2147483647;
			files = (
				C72B6A576FB80B1C7CD2325C /* Pods_MVVM_MVVMUITests.framework in Frameworks */,
			);
			runOnlyForDeploymentPostprocessing = 0;
		};
/* End PBXFrameworksBuildPhase section */

/* Begin PBXGroup section */
		1FBF96FE15D6D8E6BAEF6446 /* Frameworks */ = {
			isa = PBXGroup;
			children = (
				B7CC76BC7872CAFB6F7863E6 /* Pods_MVVM.framework */,
				0C3C3C8B4370595E7CC60093 /* Pods_MVVM_MVVMUITests.framework */,
				81B6268CAEE37D34CABFDFC3 /* Pods_MVVMTests.framework */,
			);
			name = Frameworks;
			sourceTree = "<group>";
		};
		91A26F0E62FE179D97F5B706 /* Pods */ = {
			isa = PBXGroup;
			children = (
				C82C9A4CE3EFB5FC9A0C14C6 /* Pods-MVVM.debug.xcconfig */,
				054AF6EA0F17130C90868761 /* Pods-MVVM.release.xcconfig */,
				54B9B827D92C3254AFEA90CB /* Pods-MVVM-MVVMUITests.debug.xcconfig */,
				66675CD123A167B4359E68D4 /* Pods-MVVM-MVVMUITests.release.xcconfig */,
				464F025004E27A8CBF37909A /* Pods-MVVMTests.debug.xcconfig */,
				57444BEEFB800401CCE183F6 /* Pods-MVVMTests.release.xcconfig */,
			);
			path = Pods;
			sourceTree = "<group>";
		};
		E23CA9DC265BB2DD0074FEBA /* splash */ = {
			isa = PBXGroup;
			children = (
				E23CA9DD265BB2FE0074FEBA /* SplashVC.swift */,
			);
			path = splash;
			sourceTree = "<group>";
		};
		E23CA9E2265BEBDB0074FEBA /* Profile */ = {
			isa = PBXGroup;
			children = (
				E23CA9E3265BEBF80074FEBA /* viewModel */,
				E23CA9E4265BEC090074FEBA /* view */,
				E23CA9E5265BEC110074FEBA /* model */,
			);
			path = Profile;
			sourceTree = "<group>";
		};
		E23CA9E3265BEBF80074FEBA /* viewModel */ = {
			isa = PBXGroup;
			children = (
				E245C3E9265CFA42004BCA41 /* ProfileViewModel.swift */,
				E245C3EE265CFA4F004BCA41 /* ProfileAPI.swift */,
			);
			path = viewModel;
			sourceTree = "<group>";
		};
		E23CA9E4265BEC090074FEBA /* view */ = {
			isa = PBXGroup;
			children = (
				E23CA9E7265BEC2B0074FEBA /* StoryBoard+Controller */,
			);
			path = view;
			sourceTree = "<group>";
		};
		E23CA9E5265BEC110074FEBA /* model */ = {
			isa = PBXGroup;
			children = (
				E245C3F3265CFA66004BCA41 /* ProfileModel.swift */,
				E245C416265D1E27004BCA41 /* Picker */,
			);
			path = model;
			sourceTree = "<group>";
		};
		E23CA9E7265BEC2B0074FEBA /* StoryBoard+Controller */ = {
			isa = PBXGroup;
			children = (
				E23CA9ED265BEC5C0074FEBA /* ProfileVC.swift */,
				E245C435265D3A71004BCA41 /* BindingAndSubscribingProfile.swift */,
				E23CA9E8265BEC490074FEBA /* Profile.storyboard */,
			);
			path = "StoryBoard+Controller";
			sourceTree = "<group>";
		};
		E242CDCF2641483C009312D7 /* Favorites */ = {
			isa = PBXGroup;
			children = (
				E242CDD22641486B009312D7 /* viewModel */,
				E242CDD126414862009312D7 /* view */,
				E242CDD02641485B009312D7 /* model */,
			);
			path = Favorites;
			sourceTree = "<group>";
		};
		E242CDD02641485B009312D7 /* model */ = {
			isa = PBXGroup;
			children = (
			);
			path = model;
			sourceTree = "<group>";
		};
		E242CDD126414862009312D7 /* view */ = {
			isa = PBXGroup;
			children = (
			);
			path = view;
			sourceTree = "<group>";
		};
		E242CDD22641486B009312D7 /* viewModel */ = {
			isa = PBXGroup;
			children = (
				E242CDD326414888009312D7 /* FavoriteViewModel.swift */,
			);
			path = viewModel;
			sourceTree = "<group>";
		};
		E245C416265D1E27004BCA41 /* Picker */ = {
			isa = PBXGroup;
			children = (
				E245C417265D1E39004BCA41 /* PickerModel.swift */,
			);
			path = Picker;
			sourceTree = "<group>";
		};
		E247309D2667805A00057592 /* Address */ = {
			isa = PBXGroup;
			children = (
				E24730A02667807D00057592 /* viewModel */,
				E247309F2667807000057592 /* view */,
				E247309E2667806900057592 /* model */,
			);
			name = Address;
			path = "New Group";
			sourceTree = "<group>";
		};
		E247309E2667806900057592 /* model */ = {
			isa = PBXGroup;
			children = (
				E24730A62667811400057592 /* AddressModel.swift */,
				E24730A1266780F400057592 /* AddressData.swift */,
				E24730CE266795DA00057592 /* Defult Address */,
				E24730C8266795BA00057592 /* Delete Address */,
			);
			path = model;
			sourceTree = "<group>";
		};
		E247309F2667807000057592 /* view */ = {
			isa = PBXGroup;
			children = (
				E24730AB2667817B00057592 /* DeliveryAddressVC.swift */,
				E24730E42667AC6600057592 /* BindingAndSubscribingAddress.swift */,
				E24730BA2667873E00057592 /* DeliveryAddress.storyboard */,
				E24730BF2667883800057592 /* cell */,
			);
			name = view;
			path = "New Group1";
			sourceTree = "<group>";
		};
		E24730A02667807D00057592 /* viewModel */ = {
			isa = PBXGroup;
			children = (
				E24730B02667819600057592 /* DeliveryAddressViewModel.swift */,
				E24730B5266782EC00057592 /* DeleveryAddressAPI.swift */,
				E24730D72667965700057592 /* DeleteAddressAPI.swift */,
				E24730DC266796C900057592 /* SetDefultAddressAPI.swift */,
			);
			name = viewModel;
			path = "New Group1";
			sourceTree = "<group>";
		};
		E24730BF2667883800057592 /* cell */ = {
			isa = PBXGroup;
			children = (
				E24730C02667885F00057592 /* DeliveryAddressCell.swift */,
			);
			path = cell;
			sourceTree = "<group>";
		};
		E24730C8266795BA00057592 /* Delete Address */ = {
			isa = PBXGroup;
			children = (
				E24730C9266795CD00057592 /* DeleteAddressModel.swift */,
			);
			path = "Delete Address";
			sourceTree = "<group>";
		};
		E24730CE266795DA00057592 /* Defult Address */ = {
			isa = PBXGroup;
			children = (
				E24730CF2667961D00057592 /* DefultAddressModel.swift */,
			);
			path = "Defult Address";
			sourceTree = "<group>";
		};
		E24730E12667AB4200057592 /* Constant */ = {
			isa = PBXGroup;
			children = (
				E24730E32667AB6E00057592 /* URL */,
				E24730E22667AB5F00057592 /* Helper */,
			);
			path = Constant;
			sourceTree = "<group>";
		};
		E24730E22667AB5F00057592 /* Helper */ = {
			isa = PBXGroup;
			children = (
			);
			path = Helper;
			sourceTree = "<group>";
		};
		E24730E32667AB6E00057592 /* URL */ = {
			isa = PBXGroup;
			children = (
			);
			path = URL;
			sourceTree = "<group>";
		};
		E24730E92667AFA600057592 /* New Address */ = {
			isa = PBXGroup;
			children = (
				E24730EC2667AFBA00057592 /* viewModel */,
				E24730EB2667AFB600057592 /* view */,
				E24730EA2667AFB000057592 /* model */,
			);
			path = "New Address";
			sourceTree = "<group>";
		};
		E24730EA2667AFB000057592 /* model */ = {
			isa = PBXGroup;
			children = (
			);
			path = model;
			sourceTree = "<group>";
		};
		E24730EB2667AFB600057592 /* view */ = {
			isa = PBXGroup;
			children = (
				E24730F02667AFEF00057592 /* AddNewAddressVC.swift */,
			);
			path = view;
			sourceTree = "<group>";
		};
		E24730EC2667AFBA00057592 /* viewModel */ = {
			isa = PBXGroup;
			children = (
			);
			path = viewModel;
			sourceTree = "<group>";
		};
		E2476CC1263EB01B006A847C /* Wallet */ = {
			isa = PBXGroup;
			children = (
				E2476CC4263EB038006A847C /* viewModel */,
				E2476CC3263EB033006A847C /* view */,
				E2476CC2263EB02A006A847C /* model */,
			);
			path = Wallet;
			sourceTree = "<group>";
		};
		E2476CC2263EB02A006A847C /* model */ = {
			isa = PBXGroup;
			children = (
				E2476CCF263EB0B5006A847C /* WalletModel.swift */,
				E2476CCA263EB092006A847C /* WalletData.swift */,
				E2476CC5263EB077006A847C /* WalletLinks.swift */,
				E2476CDF263EB301006A847C /* WalletMeta.swift */,
				E2476CEC263EB3C9006A847C /* ModelError.swift */,
			);
			path = model;
			sourceTree = "<group>";
		};
		E2476CC3263EB033006A847C /* view */ = {
			isa = PBXGroup;
			children = (
				E2476CF7263EB703006A847C /* Cell */,
				E2476CF1263EB6BE006A847C /* StoryBoard+Controller */,
			);
			path = view;
			sourceTree = "<group>";
		};
		E2476CC4263EB038006A847C /* viewModel */ = {
			isa = PBXGroup;
			children = (
				E2476CD7263EB0EE006A847C /* WalletViewModel.swift */,
				E242CDEF264152C9009312D7 /* WalletAPI.swift */,
			);
			path = viewModel;
			sourceTree = "<group>";
		};
		E2476CF1263EB6BE006A847C /* StoryBoard+Controller */ = {
			isa = PBXGroup;
			children = (
				E2476D06263EB90B006A847C /* WalletViewController.swift */,
				E245C42D265D39D8004BCA41 /* BindingAndSubscribingwallet.swift */,
				E2476CF2263EB6FC006A847C /* WalletStoryBoard.storyboard */,
			);
			path = "StoryBoard+Controller";
			sourceTree = "<group>";
		};
		E2476CF7263EB703006A847C /* Cell */ = {
			isa = PBXGroup;
			children = (
				E2476CFB263EB726006A847C /* WalletTableViewCell.swift */,
			);
			path = Cell;
			sourceTree = "<group>";
		};
		E249C82B266E1E8500E0763E /* Color EX */ = {
			isa = PBXGroup;
			children = (
				E249C82C266E1E9700E0763E /* ColorExtentions.swift */,
			);
			path = "Color EX";
			sourceTree = "<group>";
		};
		E249C834266E1FD000E0763E /* Gif+image */ = {
			isa = PBXGroup;
			children = (
				E249C835266E1FFA00E0763E /* Gif+image.swift */,
			);
			path = "Gif+image";
			sourceTree = "<group>";
		};
		E249C83A266E200C00E0763E /* Ex */ = {
			isa = PBXGroup;
			children = (
				E24DF3D2263D832600E50834 /* EX.swift */,
			);
			path = Ex;
			sourceTree = "<group>";
		};
		E249C83B266E206B00E0763E /* LoaderView */ = {
			isa = PBXGroup;
			children = (
				E249C83C266E208400E0763E /* LoaderView.swift */,
			);
			path = LoaderView;
			sourceTree = "<group>";
		};
		E249C841266E20CE00E0763E /* UITextField+Extension */ = {
			isa = PBXGroup;
			children = (
				E249C842266E20DD00E0763E /* UITextField+Extension.swift */,
			);
			path = "UITextField+Extension";
			sourceTree = "<group>";
		};
		E249C84A266E213300E0763E /* Collection and table EX */ = {
			isa = PBXGroup;
			children = (
				E249C84B266E216A00E0763E /* CollectionAndTableEX.swift */,
			);
			path = "Collection and table EX";
			sourceTree = "<group>";
		};
		E249C853266E21B500E0763E /* UIImagePickerController + Extension */ = {
			isa = PBXGroup;
			children = (
				E249C854266E21CA00E0763E /* UIImagePickerControllerExtension.swift */,
			);
			path = "UIImagePickerController + Extension";
			sourceTree = "<group>";
		};
		E249C85C266E21E600E0763E /* DesignableTF */ = {
			isa = PBXGroup;
			children = (
				E249C85D266E21F500E0763E /* DesignableTF.swift */,
			);
			path = DesignableTF;
			sourceTree = "<group>";
		};
		E249C865266E227C00E0763E /* OpenLinks */ = {
			isa = PBXGroup;
			children = (
				E249C866266E228700E0763E /* OpenLinks.swift */,
			);
			path = OpenLinks;
			sourceTree = "<group>";
		};
		E249C86E266E22A100E0763E /* CheckButton */ = {
			isa = PBXGroup;
			children = (
				E249C86F266E22BB00E0763E /* CheckButton.swift */,
			);
			path = CheckButton;
			sourceTree = "<group>";
		};
		E249C874266E22E200E0763E /* UIViewController+EX */ = {
			isa = PBXGroup;
			children = (
				E249C875266E22FA00E0763E /* UIViewController+EX.swift */,
			);
			path = "UIViewController+EX";
			sourceTree = "<group>";
		};
		E249C87D266E23EC00E0763E /* UIViewEx */ = {
			isa = PBXGroup;
			children = (
				E249C87E266E23FF00E0763E /* UIViewEx.swift */,
			);
			path = UIViewEx;
			sourceTree = "<group>";
		};
		E24DF334263D640A00E50834 = {
			isa = PBXGroup;
			children = (
				E24DF33F263D640A00E50834 /* MVVM */,
				E24DF356263D640F00E50834 /* MVVMTests */,
				E24DF361263D640F00E50834 /* MVVMUITests */,
				E24DF33E263D640A00E50834 /* Products */,
				91A26F0E62FE179D97F5B706 /* Pods */,
				1FBF96FE15D6D8E6BAEF6446 /* Frameworks */,
			);
			sourceTree = "<group>";
		};
		E24DF33E263D640A00E50834 /* Products */ = {
			isa = PBXGroup;
			children = (
				E24DF33D263D640A00E50834 /* MVVM.app */,
				E24DF353263D640F00E50834 /* MVVMTests.xctest */,
				E24DF35E263D640F00E50834 /* MVVMUITests.xctest */,
			);
			name = Products;
			sourceTree = "<group>";
		};
		E24DF33F263D640A00E50834 /* MVVM */ = {
			isa = PBXGroup;
			children = (
				E24DF3D1263D831500E50834 /* EX */,
				E24730E12667AB4200057592 /* Constant */,
				E24DF373263D69D300E50834 /* API SERVICE */,
				E23CA9DC265BB2DD0074FEBA /* splash */,
				E24DF37C263D6A5A00E50834 /* Login */,
				E2476CC1263EB01B006A847C /* Wallet */,
				E23CA9E2265BEBDB0074FEBA /* Profile */,
				E25D7F5626664B8D00DAC671 /* ShowMenu */,
				E247309D2667805A00057592 /* Address */,
				E24730E92667AFA600057592 /* New Address */,
				E242CDCF2641483C009312D7 /* Favorites */,
				E24DF340263D640A00E50834 /* AppDelegate.swift */,
				E24DF342263D640A00E50834 /* SceneDelegate.swift */,
				E24DF346263D640A00E50834 /* Main.storyboard */,
				E24DF349263D640F00E50834 /* Assets.xcassets */,
				E24DF34B263D640F00E50834 /* LaunchScreen.storyboard */,
				E24DF34E263D640F00E50834 /* Info.plist */,
			);
			path = MVVM;
			sourceTree = "<group>";
		};
		E24DF356263D640F00E50834 /* MVVMTests */ = {
			isa = PBXGroup;
			children = (
				E24DF357263D640F00E50834 /* MVVMTests.swift */,
				E24DF359263D640F00E50834 /* Info.plist */,
			);
			path = MVVMTests;
			sourceTree = "<group>";
		};
		E24DF361263D640F00E50834 /* MVVMUITests */ = {
			isa = PBXGroup;
			children = (
				E24DF362263D640F00E50834 /* MVVMUITests.swift */,
				E24DF364263D640F00E50834 /* Info.plist */,
			);
			path = MVVMUITests;
			sourceTree = "<group>";
		};
		E24DF373263D69D300E50834 /* API SERVICE */ = {
			isa = PBXGroup;
			children = (
				E24DF374263D69F400E50834 /* APISERVICE.swift */,
				E242CDE526414CCB009312D7 /* NetworkError.swift */,
			);
			path = "API SERVICE";
			sourceTree = "<group>";
		};
		E24DF37C263D6A5A00E50834 /* Login */ = {
			isa = PBXGroup;
			children = (
				E24DF37F263D6A7B00E50834 /* viewModel */,
				E24DF37E263D6A7500E50834 /* view */,
				E24DF37D263D6A6C00E50834 /* model */,
			);
			path = Login;
			sourceTree = "<group>";
		};
		E24DF37D263D6A6C00E50834 /* model */ = {
			isa = PBXGroup;
			children = (
				E24DF3B4263D72E200E50834 /* LoginModel.swift */,
				E24DF3BE263D732A00E50834 /* User.swift */,
				E24DF3B9263D72FB00E50834 /* LoginFailureModel.swift */,
			);
			path = model;
			sourceTree = "<group>";
		};
		E24DF37E263D6A7500E50834 /* view */ = {
			isa = PBXGroup;
			children = (
				E24DF344263D640A00E50834 /* ViewController.swift */,
				E23C548D265A7B5700D64938 /* BindingAndSubscribingLogin.swift */,
			);
			path = view;
			sourceTree = "<group>";
		};
		E24DF37F263D6A7B00E50834 /* viewModel */ = {
			isa = PBXGroup;
			children = (
				E24DF396263D6F4800E50834 /* LoginViewModel.swift */,
				E25D452826565ABA0017F98E /* LoginAPI.swift */,
			);
			path = viewModel;
			sourceTree = "<group>";
		};
		E24DF3D1263D831500E50834 /* EX */ = {
			isa = PBXGroup;
			children = (
				E249C87D266E23EC00E0763E /* UIViewEx */,
				E249C83A266E200C00E0763E /* Ex */,
				E249C874266E22E200E0763E /* UIViewController+EX */,
				E249C834266E1FD000E0763E /* Gif+image */,
				E249C82B266E1E8500E0763E /* Color EX */,
				E249C83B266E206B00E0763E /* LoaderView */,
				E249C841266E20CE00E0763E /* UITextField+Extension */,
				E249C85C266E21E600E0763E /* DesignableTF */,
				E249C84A266E213300E0763E /* Collection and table EX */,
				E249C853266E21B500E0763E /* UIImagePickerController + Extension */,
				E249C865266E227C00E0763E /* OpenLinks */,
				E249C86E266E22A100E0763E /* CheckButton */,
			);
			path = EX;
			sourceTree = "<group>";
		};
		E25D7F5626664B8D00DAC671 /* ShowMenu */ = {
			isa = PBXGroup;
			children = (
				E25D7F5926664BAF00DAC671 /* viewModel */,
				E25D7F5826664BAA00DAC671 /* view */,
				E25D7F5726664BA500DAC671 /* model */,
			);
			path = ShowMenu;
			sourceTree = "<group>";
		};
		E25D7F5726664BA500DAC671 /* model */ = {
			isa = PBXGroup;
			children = (
			);
			path = model;
			sourceTree = "<group>";
		};
		E25D7F5826664BAA00DAC671 /* view */ = {
			isa = PBXGroup;
			children = (
				E25D7F6226664BEE00DAC671 /* ShowMenuVC.swift */,
				E24730F52667B76300057592 /* BindingAndSubscribingShowMenu.swift */,
				E25D7F6726664BFE00DAC671 /* ShowMenu.storyboard */,
			);
			path = view;
			sourceTree = "<group>";
		};
		E25D7F5926664BAF00DAC671 /* viewModel */ = {
			isa = PBXGroup;
			children = (
				E25D7F5A26664BD100DAC671 /* ShowMenuViewModel.swift */,
			);
			path = viewModel;
			sourceTree = "<group>";
		};
/* End PBXGroup section */

/* Begin PBXNativeTarget section */
		E24DF33C263D640A00E50834 /* MVVM */ = {
			isa = PBXNativeTarget;
			buildConfigurationList = E24DF367263D640F00E50834 /* Build configuration list for PBXNativeTarget "MVVM" */;
			buildPhases = (
				FAFF0772162C784F07D881C2 /* [CP] Check Pods Manifest.lock */,
				E24DF339263D640A00E50834 /* Sources */,
				E24DF33A263D640A00E50834 /* Frameworks */,
				E24DF33B263D640A00E50834 /* Resources */,
				AD2E0F13ED7DA1F69075976C /* [CP] Embed Pods Frameworks */,
			);
			buildRules = (
			);
			dependencies = (
			);
			name = MVVM;
			productName = MVVM;
			productReference = E24DF33D263D640A00E50834 /* MVVM.app */;
			productType = "com.apple.product-type.application";
		};
		E24DF352263D640F00E50834 /* MVVMTests */ = {
			isa = PBXNativeTarget;
			buildConfigurationList = E24DF36A263D640F00E50834 /* Build configuration list for PBXNativeTarget "MVVMTests" */;
			buildPhases = (
				8359388D32AF95B9B8E6FE62 /* [CP] Check Pods Manifest.lock */,
				E24DF34F263D640F00E50834 /* Sources */,
				E24DF350263D640F00E50834 /* Frameworks */,
				E24DF351263D640F00E50834 /* Resources */,
			);
			buildRules = (
			);
			dependencies = (
				E24DF355263D640F00E50834 /* PBXTargetDependency */,
			);
			name = MVVMTests;
			productName = MVVMTests;
			productReference = E24DF353263D640F00E50834 /* MVVMTests.xctest */;
			productType = "com.apple.product-type.bundle.unit-test";
		};
		E24DF35D263D640F00E50834 /* MVVMUITests */ = {
			isa = PBXNativeTarget;
			buildConfigurationList = E24DF36D263D640F00E50834 /* Build configuration list for PBXNativeTarget "MVVMUITests" */;
			buildPhases = (
				3A07DFC7955A561E9CABE948 /* [CP] Check Pods Manifest.lock */,
				E24DF35A263D640F00E50834 /* Sources */,
				E24DF35B263D640F00E50834 /* Frameworks */,
				E24DF35C263D640F00E50834 /* Resources */,
				1A1A3B655DE94F413FE2BD05 /* [CP] Embed Pods Frameworks */,
			);
			buildRules = (
			);
			dependencies = (
				E24DF360263D640F00E50834 /* PBXTargetDependency */,
			);
			name = MVVMUITests;
			productName = MVVMUITests;
			productReference = E24DF35E263D640F00E50834 /* MVVMUITests.xctest */;
			productType = "com.apple.product-type.bundle.ui-testing";
		};
/* End PBXNativeTarget section */

/* Begin PBXProject section */
		E24DF335263D640A00E50834 /* Project object */ = {
			isa = PBXProject;
			attributes = {
				LastSwiftUpdateCheck = 1230;
				LastUpgradeCheck = 1230;
				TargetAttributes = {
					E24DF33C263D640A00E50834 = {
						CreatedOnToolsVersion = 12.3;
					};
					E24DF352263D640F00E50834 = {
						CreatedOnToolsVersion = 12.3;
						TestTargetID = E24DF33C263D640A00E50834;
					};
					E24DF35D263D640F00E50834 = {
						CreatedOnToolsVersion = 12.3;
						TestTargetID = E24DF33C263D640A00E50834;
					};
				};
			};
			buildConfigurationList = E24DF338263D640A00E50834 /* Build configuration list for PBXProject "MVVM" */;
			compatibilityVersion = "Xcode 9.3";
			developmentRegion = en;
			hasScannedForEncodings = 0;
			knownRegions = (
				en,
				Base,
			);
			mainGroup = E24DF334263D640A00E50834;
			productRefGroup = E24DF33E263D640A00E50834 /* Products */;
			projectDirPath = "";
			projectRoot = "";
			targets = (
				E24DF33C263D640A00E50834 /* MVVM */,
				E24DF352263D640F00E50834 /* MVVMTests */,
				E24DF35D263D640F00E50834 /* MVVMUITests */,
			);
		};
/* End PBXProject section */

/* Begin PBXResourcesBuildPhase section */
		E24DF33B263D640A00E50834 /* Resources */ = {
			isa = PBXResourcesBuildPhase;
			buildActionMask = 2147483647;
			files = (
				E24730BB2667873E00057592 /* DeliveryAddress.storyboard in Resources */,
				E2476CF3263EB6FC006A847C /* WalletStoryBoard.storyboard in Resources */,
				E24DF34D263D640F00E50834 /* LaunchScreen.storyboard in Resources */,
				E23CA9E9265BEC490074FEBA /* Profile.storyboard in Resources */,
				E24DF34A263D640F00E50834 /* Assets.xcassets in Resources */,
				E25D7F6826664BFE00DAC671 /* ShowMenu.storyboard in Resources */,
				E24DF348263D640A00E50834 /* Main.storyboard in Resources */,
			);
			runOnlyForDeploymentPostprocessing = 0;
		};
		E24DF351263D640F00E50834 /* Resources */ = {
			isa = PBXResourcesBuildPhase;
			buildActionMask = 2147483647;
			files = (
			);
			runOnlyForDeploymentPostprocessing = 0;
		};
		E24DF35C263D640F00E50834 /* Resources */ = {
			isa = PBXResourcesBuildPhase;
			buildActionMask = 2147483647;
			files = (
			);
			runOnlyForDeploymentPostprocessing = 0;
		};
/* End PBXResourcesBuildPhase section */

/* Begin PBXShellScriptBuildPhase section */
		1A1A3B655DE94F413FE2BD05 /* [CP] Embed Pods Frameworks */ = {
			isa = PBXShellScriptBuildPhase;
			buildActionMask = 2147483647;
			files = (
			);
			inputFileListPaths = (
				"${PODS_ROOT}/Target Support Files/Pods-MVVM-MVVMUITests/Pods-MVVM-MVVMUITests-frameworks-${CONFIGURATION}-input-files.xcfilelist",
			);
			name = "[CP] Embed Pods Frameworks";
			outputFileListPaths = (
				"${PODS_ROOT}/Target Support Files/Pods-MVVM-MVVMUITests/Pods-MVVM-MVVMUITests-frameworks-${CONFIGURATION}-output-files.xcfilelist",
			);
			runOnlyForDeploymentPostprocessing = 0;
			shellPath = /bin/sh;
			shellScript = "\"${PODS_ROOT}/Target Support Files/Pods-MVVM-MVVMUITests/Pods-MVVM-MVVMUITests-frameworks.sh\"\n";
			showEnvVarsInLog = 0;
		};
		3A07DFC7955A561E9CABE948 /* [CP] Check Pods Manifest.lock */ = {
			isa = PBXShellScriptBuildPhase;
			buildActionMask = 2147483647;
			files = (
			);
			inputFileListPaths = (
			);
			inputPaths = (
				"${PODS_PODFILE_DIR_PATH}/Podfile.lock",
				"${PODS_ROOT}/Manifest.lock",
			);
			name = "[CP] Check Pods Manifest.lock";
			outputFileListPaths = (
			);
			outputPaths = (
				"$(DERIVED_FILE_DIR)/Pods-MVVM-MVVMUITests-checkManifestLockResult.txt",
			);
			runOnlyForDeploymentPostprocessing = 0;
			shellPath = /bin/sh;
			shellScript = "diff \"${PODS_PODFILE_DIR_PATH}/Podfile.lock\" \"${PODS_ROOT}/Manifest.lock\" > /dev/null\nif [ $? != 0 ] ; then\n    # print error to STDERR\n    echo \"error: The sandbox is not in sync with the Podfile.lock. Run 'pod install' or update your CocoaPods installation.\" >&2\n    exit 1\nfi\n# This output is used by Xcode 'outputs' to avoid re-running this script phase.\necho \"SUCCESS\" > \"${SCRIPT_OUTPUT_FILE_0}\"\n";
			showEnvVarsInLog = 0;
		};
		8359388D32AF95B9B8E6FE62 /* [CP] Check Pods Manifest.lock */ = {
			isa = PBXShellScriptBuildPhase;
			buildActionMask = 2147483647;
			files = (
			);
			inputFileListPaths = (
			);
			inputPaths = (
				"${PODS_PODFILE_DIR_PATH}/Podfile.lock",
				"${PODS_ROOT}/Manifest.lock",
			);
			name = "[CP] Check Pods Manifest.lock";
			outputFileListPaths = (
			);
			outputPaths = (
				"$(DERIVED_FILE_DIR)/Pods-MVVMTests-checkManifestLockResult.txt",
			);
			runOnlyForDeploymentPostprocessing = 0;
			shellPath = /bin/sh;
			shellScript = "diff \"${PODS_PODFILE_DIR_PATH}/Podfile.lock\" \"${PODS_ROOT}/Manifest.lock\" > /dev/null\nif [ $? != 0 ] ; then\n    # print error to STDERR\n    echo \"error: The sandbox is not in sync with the Podfile.lock. Run 'pod install' or update your CocoaPods installation.\" >&2\n    exit 1\nfi\n# This output is used by Xcode 'outputs' to avoid re-running this script phase.\necho \"SUCCESS\" > \"${SCRIPT_OUTPUT_FILE_0}\"\n";
			showEnvVarsInLog = 0;
		};
		AD2E0F13ED7DA1F69075976C /* [CP] Embed Pods Frameworks */ = {
			isa = PBXShellScriptBuildPhase;
			buildActionMask = 2147483647;
			files = (
			);
			inputFileListPaths = (
				"${PODS_ROOT}/Target Support Files/Pods-MVVM/Pods-MVVM-frameworks-${CONFIGURATION}-input-files.xcfilelist",
			);
			name = "[CP] Embed Pods Frameworks";
			outputFileListPaths = (
				"${PODS_ROOT}/Target Support Files/Pods-MVVM/Pods-MVVM-frameworks-${CONFIGURATION}-output-files.xcfilelist",
			);
			runOnlyForDeploymentPostprocessing = 0;
			shellPath = /bin/sh;
			shellScript = "\"${PODS_ROOT}/Target Support Files/Pods-MVVM/Pods-MVVM-frameworks.sh\"\n";
			showEnvVarsInLog = 0;
		};
		FAFF0772162C784F07D881C2 /* [CP] Check Pods Manifest.lock */ = {
			isa = PBXShellScriptBuildPhase;
			buildActionMask = 2147483647;
			files = (
			);
			inputFileListPaths = (
			);
			inputPaths = (
				"${PODS_PODFILE_DIR_PATH}/Podfile.lock",
				"${PODS_ROOT}/Manifest.lock",
			);
			name = "[CP] Check Pods Manifest.lock";
			outputFileListPaths = (
			);
			outputPaths = (
				"$(DERIVED_FILE_DIR)/Pods-MVVM-checkManifestLockResult.txt",
			);
			runOnlyForDeploymentPostprocessing = 0;
			shellPath = /bin/sh;
			shellScript = "diff \"${PODS_PODFILE_DIR_PATH}/Podfile.lock\" \"${PODS_ROOT}/Manifest.lock\" > /dev/null\nif [ $? != 0 ] ; then\n    # print error to STDERR\n    echo \"error: The sandbox is not in sync with the Podfile.lock. Run 'pod install' or update your CocoaPods installation.\" >&2\n    exit 1\nfi\n# This output is used by Xcode 'outputs' to avoid re-running this script phase.\necho \"SUCCESS\" > \"${SCRIPT_OUTPUT_FILE_0}\"\n";
			showEnvVarsInLog = 0;
		};
/* End PBXShellScriptBuildPhase section */

/* Begin PBXSourcesBuildPhase section */
		E24DF339263D640A00E50834 /* Sources */ = {
			isa = PBXSourcesBuildPhase;
			buildActionMask = 2147483647;
			files = (
				E24730A2266780F400057592 /* AddressData.swift in Sources */,
				E24730B6266782ED00057592 /* DeleveryAddressAPI.swift in Sources */,
				E24730F62667B76300057592 /* BindingAndSubscribingShowMenu.swift in Sources */,
				E242CDD426414888009312D7 /* FavoriteViewModel.swift in Sources */,
				E249C867266E228700E0763E /* OpenLinks.swift in Sources */,
				E24DF345263D640A00E50834 /* ViewController.swift in Sources */,
				E2476CD0263EB0B5006A847C /* WalletModel.swift in Sources */,
				E24730AC2667817B00057592 /* DeliveryAddressVC.swift in Sources */,
				E24730F12667AFEF00057592 /* AddNewAddressVC.swift in Sources */,
				E24730E52667AC6600057592 /* BindingAndSubscribingAddress.swift in Sources */,
				E249C876266E22FA00E0763E /* UIViewController+EX.swift in Sources */,
				E25D7F5B26664BD100DAC671 /* ShowMenuViewModel.swift in Sources */,
				E24DF3B5263D72E200E50834 /* LoginModel.swift in Sources */,
				E2476CE0263EB301006A847C /* WalletMeta.swift in Sources */,
				E23CA9DE265BB2FE0074FEBA /* SplashVC.swift in Sources */,
				E242CDF0264152C9009312D7 /* WalletAPI.swift in Sources */,
				E245C42E265D39D8004BCA41 /* BindingAndSubscribingwallet.swift in Sources */,
				E2476CFC263EB726006A847C /* WalletTableViewCell.swift in Sources */,
				E24DF3D3263D832600E50834 /* EX.swift in Sources */,
				E245C3F4265CFA66004BCA41 /* ProfileModel.swift in Sources */,
				E24DF3BA263D72FB00E50834 /* LoginFailureModel.swift in Sources */,
				E24730A72667811400057592 /* AddressModel.swift in Sources */,
				E245C418265D1E39004BCA41 /* PickerModel.swift in Sources */,
				E249C870266E22BB00E0763E /* CheckButton.swift in Sources */,
				E2476CED263EB3C9006A847C /* ModelError.swift in Sources */,
				E24DF341263D640A00E50834 /* AppDelegate.swift in Sources */,
				E245C3EF265CFA4F004BCA41 /* ProfileAPI.swift in Sources */,
				E23CA9EE265BEC5C0074FEBA /* ProfileVC.swift in Sources */,
				E245C436265D3A71004BCA41 /* BindingAndSubscribingProfile.swift in Sources */,
				E2476CC6263EB077006A847C /* WalletLinks.swift in Sources */,
				E24730B12667819600057592 /* DeliveryAddressViewModel.swift in Sources */,
				E249C87F266E23FF00E0763E /* UIViewEx.swift in Sources */,
				E245C3EA265CFA42004BCA41 /* ProfileViewModel.swift in Sources */,
				E249C83D266E208400E0763E /* LoaderView.swift in Sources */,
				E249C843266E20DD00E0763E /* UITextField+Extension.swift in Sources */,
				E24DF3BF263D732A00E50834 /* User.swift in Sources */,
				E24730CA266795CD00057592 /* DeleteAddressModel.swift in Sources */,
				E24DF375263D69F400E50834 /* APISERVICE.swift in Sources */,
				E249C855266E21CA00E0763E /* UIImagePickerControllerExtension.swift in Sources */,
				E23C548E265A7B5700D64938 /* BindingAndSubscribingLogin.swift in Sources */,
				E24730D82667965700057592 /* DeleteAddressAPI.swift in Sources */,
				E249C85E266E21F500E0763E /* DesignableTF.swift in Sources */,
				E2476CD8263EB0EE006A847C /* WalletViewModel.swift in Sources */,
				E2476D07263EB90B006A847C /* WalletViewController.swift in Sources */,
				E25D7F6326664BEE00DAC671 /* ShowMenuVC.swift in Sources */,
				E25D452926565ABA0017F98E /* LoginAPI.swift in Sources */,
				E2476CCB263EB092006A847C /* WalletData.swift in Sources */,
				E249C84C266E216A00E0763E /* CollectionAndTableEX.swift in Sources */,
				E24DF397263D6F4800E50834 /* LoginViewModel.swift in Sources */,
				E24DF343263D640A00E50834 /* SceneDelegate.swift in Sources */,
				E24730C12667885F00057592 /* DeliveryAddressCell.swift in Sources */,
				E24730D02667961D00057592 /* DefultAddressModel.swift in Sources */,
				E24730DD266796C900057592 /* SetDefultAddressAPI.swift in Sources */,
				E249C836266E1FFA00E0763E /* Gif+image.swift in Sources */,
				E249C82D266E1E9700E0763E /* ColorExtentions.swift in Sources */,
				E242CDE626414CCB009312D7 /* NetworkError.swift in Sources */,
			);
			runOnlyForDeploymentPostprocessing = 0;
		};
		E24DF34F263D640F00E50834 /* Sources */ = {
			isa = PBXSourcesBuildPhase;
			buildActionMask = 2147483647;
			files = (
				E24DF358263D640F00E50834 /* MVVMTests.swift in Sources */,
			);
			runOnlyForDeploymentPostprocessing = 0;
		};
		E24DF35A263D640F00E50834 /* Sources */ = {
			isa = PBXSourcesBuildPhase;
			buildActionMask = 2147483647;
			files = (
				E24DF363263D640F00E50834 /* MVVMUITests.swift in Sources */,
			);
			runOnlyForDeploymentPostprocessing = 0;
		};
/* End PBXSourcesBuildPhase section */

/* Begin PBXTargetDependency section */
		E24DF355263D640F00E50834 /* PBXTargetDependency */ = {
			isa = PBXTargetDependency;
			target = E24DF33C263D640A00E50834 /* MVVM */;
			targetProxy = E24DF354263D640F00E50834 /* PBXContainerItemProxy */;
		};
		E24DF360263D640F00E50834 /* PBXTargetDependency */ = {
			isa = PBXTargetDependency;
			target = E24DF33C263D640A00E50834 /* MVVM */;
			targetProxy = E24DF35F263D640F00E50834 /* PBXContainerItemProxy */;
		};
/* End PBXTargetDependency section */

/* Begin PBXVariantGroup section */
		E24DF346263D640A00E50834 /* Main.storyboard */ = {
			isa = PBXVariantGroup;
			children = (
				E24DF347263D640A00E50834 /* Base */,
			);
			name = Main.storyboard;
			sourceTree = "<group>";
		};
		E24DF34B263D640F00E50834 /* LaunchScreen.storyboard */ = {
			isa = PBXVariantGroup;
			children = (
				E24DF34C263D640F00E50834 /* Base */,
			);
			name = LaunchScreen.storyboard;
			sourceTree = "<group>";
		};
/* End PBXVariantGroup section */

/* Begin XCBuildConfiguration section */
		E24DF365263D640F00E50834 /* Debug */ = {
			isa = XCBuildConfiguration;
			buildSettings = {
				ALWAYS_SEARCH_USER_PATHS = NO;
				CLANG_ANALYZER_NONNULL = YES;
				CLANG_ANALYZER_NUMBER_OBJECT_CONVERSION = YES_AGGRESSIVE;
				CLANG_CXX_LANGUAGE_STANDARD = "gnu++14";
				CLANG_CXX_LIBRARY = "libc++";
				CLANG_ENABLE_MODULES = YES;
				CLANG_ENABLE_OBJC_ARC = YES;
				CLANG_ENABLE_OBJC_WEAK = YES;
				CLANG_WARN_BLOCK_CAPTURE_AUTORELEASING = YES;
				CLANG_WARN_BOOL_CONVERSION = YES;
				CLANG_WARN_COMMA = YES;
				CLANG_WARN_CONSTANT_CONVERSION = YES;
				CLANG_WARN_DEPRECATED_OBJC_IMPLEMENTATIONS = YES;
				CLANG_WARN_DIRECT_OBJC_ISA_USAGE = YES_ERROR;
				CLANG_WARN_DOCUMENTATION_COMMENTS = YES;
				CLANG_WARN_EMPTY_BODY = YES;
				CLANG_WARN_ENUM_CONVERSION = YES;
				CLANG_WARN_INFINITE_RECURSION = YES;
				CLANG_WARN_INT_CONVERSION = YES;
				CLANG_WARN_NON_LITERAL_NULL_CONVERSION = YES;
				CLANG_WARN_OBJC_IMPLICIT_RETAIN_SELF = YES;
				CLANG_WARN_OBJC_LITERAL_CONVERSION = YES;
				CLANG_WARN_OBJC_ROOT_CLASS = YES_ERROR;
				CLANG_WARN_QUOTED_INCLUDE_IN_FRAMEWORK_HEADER = YES;
				CLANG_WARN_RANGE_LOOP_ANALYSIS = YES;
				CLANG_WARN_STRICT_PROTOTYPES = YES;
				CLANG_WARN_SUSPICIOUS_MOVE = YES;
				CLANG_WARN_UNGUARDED_AVAILABILITY = YES_AGGRESSIVE;
				CLANG_WARN_UNREACHABLE_CODE = YES;
				CLANG_WARN__DUPLICATE_METHOD_MATCH = YES;
				COPY_PHASE_STRIP = NO;
				DEBUG_INFORMATION_FORMAT = dwarf;
				ENABLE_STRICT_OBJC_MSGSEND = YES;
				ENABLE_TESTABILITY = YES;
				GCC_C_LANGUAGE_STANDARD = gnu11;
				GCC_DYNAMIC_NO_PIC = NO;
				GCC_NO_COMMON_BLOCKS = YES;
				GCC_OPTIMIZATION_LEVEL = 0;
				GCC_PREPROCESSOR_DEFINITIONS = (
					"DEBUG=1",
					"$(inherited)",
				);
				GCC_WARN_64_TO_32_BIT_CONVERSION = YES;
				GCC_WARN_ABOUT_RETURN_TYPE = YES_ERROR;
				GCC_WARN_UNDECLARED_SELECTOR = YES;
				GCC_WARN_UNINITIALIZED_AUTOS = YES_AGGRESSIVE;
				GCC_WARN_UNUSED_FUNCTION = YES;
				GCC_WARN_UNUSED_VARIABLE = YES;
				IPHONEOS_DEPLOYMENT_TARGET = 14.3;
				MTL_ENABLE_DEBUG_INFO = INCLUDE_SOURCE;
				MTL_FAST_MATH = YES;
				ONLY_ACTIVE_ARCH = YES;
				SDKROOT = iphoneos;
				SWIFT_ACTIVE_COMPILATION_CONDITIONS = DEBUG;
				SWIFT_OPTIMIZATION_LEVEL = "-Onone";
			};
			name = Debug;
		};
		E24DF366263D640F00E50834 /* Release */ = {
			isa = XCBuildConfiguration;
			buildSettings = {
				ALWAYS_SEARCH_USER_PATHS = NO;
				CLANG_ANALYZER_NONNULL = YES;
				CLANG_ANALYZER_NUMBER_OBJECT_CONVERSION = YES_AGGRESSIVE;
				CLANG_CXX_LANGUAGE_STANDARD = "gnu++14";
				CLANG_CXX_LIBRARY = "libc++";
				CLANG_ENABLE_MODULES = YES;
				CLANG_ENABLE_OBJC_ARC = YES;
				CLANG_ENABLE_OBJC_WEAK = YES;
				CLANG_WARN_BLOCK_CAPTURE_AUTORELEASING = YES;
				CLANG_WARN_BOOL_CONVERSION = YES;
				CLANG_WARN_COMMA = YES;
				CLANG_WARN_CONSTANT_CONVERSION = YES;
				CLANG_WARN_DEPRECATED_OBJC_IMPLEMENTATIONS = YES;
				CLANG_WARN_DIRECT_OBJC_ISA_USAGE = YES_ERROR;
				CLANG_WARN_DOCUMENTATION_COMMENTS = YES;
				CLANG_WARN_EMPTY_BODY = YES;
				CLANG_WARN_ENUM_CONVERSION = YES;
				CLANG_WARN_INFINITE_RECURSION = YES;
				CLANG_WARN_INT_CONVERSION = YES;
				CLANG_WARN_NON_LITERAL_NULL_CONVERSION = YES;
				CLANG_WARN_OBJC_IMPLICIT_RETAIN_SELF = YES;
				CLANG_WARN_OBJC_LITERAL_CONVERSION = YES;
				CLANG_WARN_OBJC_ROOT_CLASS = YES_ERROR;
				CLANG_WARN_QUOTED_INCLUDE_IN_FRAMEWORK_HEADER = YES;
				CLANG_WARN_RANGE_LOOP_ANALYSIS = YES;
				CLANG_WARN_STRICT_PROTOTYPES = YES;
				CLANG_WARN_SUSPICIOUS_MOVE = YES;
				CLANG_WARN_UNGUARDED_AVAILABILITY = YES_AGGRESSIVE;
				CLANG_WARN_UNREACHABLE_CODE = YES;
				CLANG_WARN__DUPLICATE_METHOD_MATCH = YES;
				COPY_PHASE_STRIP = NO;
				DEBUG_INFORMATION_FORMAT = "dwarf-with-dsym";
				ENABLE_NS_ASSERTIONS = NO;
				ENABLE_STRICT_OBJC_MSGSEND = YES;
				GCC_C_LANGUAGE_STANDARD = gnu11;
				GCC_NO_COMMON_BLOCKS = YES;
				GCC_WARN_64_TO_32_BIT_CONVERSION = YES;
				GCC_WARN_ABOUT_RETURN_TYPE = YES_ERROR;
				GCC_WARN_UNDECLARED_SELECTOR = YES;
				GCC_WARN_UNINITIALIZED_AUTOS = YES_AGGRESSIVE;
				GCC_WARN_UNUSED_FUNCTION = YES;
				GCC_WARN_UNUSED_VARIABLE = YES;
				IPHONEOS_DEPLOYMENT_TARGET = 14.3;
				MTL_ENABLE_DEBUG_INFO = NO;
				MTL_FAST_MATH = YES;
				SDKROOT = iphoneos;
				SWIFT_COMPILATION_MODE = wholemodule;
				SWIFT_OPTIMIZATION_LEVEL = "-O";
				VALIDATE_PRODUCT = YES;
			};
			name = Release;
		};
		E24DF368263D640F00E50834 /* Debug */ = {
			isa = XCBuildConfiguration;
			baseConfigurationReference = C82C9A4CE3EFB5FC9A0C14C6 /* Pods-MVVM.debug.xcconfig */;
			buildSettings = {
				ASSETCATALOG_COMPILER_APPICON_NAME = AppIcon;
				ASSETCATALOG_COMPILER_GLOBAL_ACCENT_COLOR_NAME = AccentColor;
				CODE_SIGN_STYLE = Automatic;
				INFOPLIST_FILE = MVVM/Info.plist;
				LD_RUNPATH_SEARCH_PATHS = (
					"$(inherited)",
					"@executable_path/Frameworks",
				);
				PRODUCT_BUNDLE_IDENTIFIER = MVVM.MVVM;
				PRODUCT_NAME = "$(TARGET_NAME)";
				SWIFT_VERSION = 5.0;
				TARGETED_DEVICE_FAMILY = "1,2";
			};
			name = Debug;
		};
		E24DF369263D640F00E50834 /* Release */ = {
			isa = XCBuildConfiguration;
			baseConfigurationReference = 054AF6EA0F17130C90868761 /* Pods-MVVM.release.xcconfig */;
			buildSettings = {
				ASSETCATALOG_COMPILER_APPICON_NAME = AppIcon;
				ASSETCATALOG_COMPILER_GLOBAL_ACCENT_COLOR_NAME = AccentColor;
				CODE_SIGN_STYLE = Automatic;
				INFOPLIST_FILE = MVVM/Info.plist;
				LD_RUNPATH_SEARCH_PATHS = (
					"$(inherited)",
					"@executable_path/Frameworks",
				);
				PRODUCT_BUNDLE_IDENTIFIER = MVVM.MVVM;
				PRODUCT_NAME = "$(TARGET_NAME)";
				SWIFT_VERSION = 5.0;
				TARGETED_DEVICE_FAMILY = "1,2";
			};
			name = Release;
		};
		E24DF36B263D640F00E50834 /* Debug */ = {
			isa = XCBuildConfiguration;
			baseConfigurationReference = 464F025004E27A8CBF37909A /* Pods-MVVMTests.debug.xcconfig */;
			buildSettings = {
				ALWAYS_EMBED_SWIFT_STANDARD_LIBRARIES = YES;
				BUNDLE_LOADER = "$(TEST_HOST)";
				CODE_SIGN_STYLE = Automatic;
				INFOPLIST_FILE = MVVMTests/Info.plist;
				IPHONEOS_DEPLOYMENT_TARGET = 14.3;
				LD_RUNPATH_SEARCH_PATHS = (
					"$(inherited)",
					"@executable_path/Frameworks",
					"@loader_path/Frameworks",
				);
				PRODUCT_BUNDLE_IDENTIFIER = MVVM.MVVMTests;
				PRODUCT_NAME = "$(TARGET_NAME)";
				SWIFT_VERSION = 5.0;
				TARGETED_DEVICE_FAMILY = "1,2";
				TEST_HOST = "$(BUILT_PRODUCTS_DIR)/MVVM.app/MVVM";
			};
			name = Debug;
		};
		E24DF36C263D640F00E50834 /* Release */ = {
			isa = XCBuildConfiguration;
			baseConfigurationReference = 57444BEEFB800401CCE183F6 /* Pods-MVVMTests.release.xcconfig */;
			buildSettings = {
				ALWAYS_EMBED_SWIFT_STANDARD_LIBRARIES = YES;
				BUNDLE_LOADER = "$(TEST_HOST)";
				CODE_SIGN_STYLE = Automatic;
				INFOPLIST_FILE = MVVMTests/Info.plist;
				IPHONEOS_DEPLOYMENT_TARGET = 14.3;
				LD_RUNPATH_SEARCH_PATHS = (
					"$(inherited)",
					"@executable_path/Frameworks",
					"@loader_path/Frameworks",
				);
				PRODUCT_BUNDLE_IDENTIFIER = MVVM.MVVMTests;
				PRODUCT_NAME = "$(TARGET_NAME)";
				SWIFT_VERSION = 5.0;
				TARGETED_DEVICE_FAMILY = "1,2";
				TEST_HOST = "$(BUILT_PRODUCTS_DIR)/MVVM.app/MVVM";
			};
			name = Release;
		};
		E24DF36E263D640F00E50834 /* Debug */ = {
			isa = XCBuildConfiguration;
			baseConfigurationReference = 54B9B827D92C3254AFEA90CB /* Pods-MVVM-MVVMUITests.debug.xcconfig */;
			buildSettings = {
				ALWAYS_EMBED_SWIFT_STANDARD_LIBRARIES = YES;
				CODE_SIGN_STYLE = Automatic;
				INFOPLIST_FILE = MVVMUITests/Info.plist;
				LD_RUNPATH_SEARCH_PATHS = (
					"$(inherited)",
					"@executable_path/Frameworks",
					"@loader_path/Frameworks",
				);
				PRODUCT_BUNDLE_IDENTIFIER = MVVM.MVVMUITests;
				PRODUCT_NAME = "$(TARGET_NAME)";
				SWIFT_VERSION = 5.0;
				TARGETED_DEVICE_FAMILY = "1,2";
				TEST_TARGET_NAME = MVVM;
			};
			name = Debug;
		};
		E24DF36F263D640F00E50834 /* Release */ = {
			isa = XCBuildConfiguration;
			baseConfigurationReference = 66675CD123A167B4359E68D4 /* Pods-MVVM-MVVMUITests.release.xcconfig */;
			buildSettings = {
				ALWAYS_EMBED_SWIFT_STANDARD_LIBRARIES = YES;
				CODE_SIGN_STYLE = Automatic;
				INFOPLIST_FILE = MVVMUITests/Info.plist;
				LD_RUNPATH_SEARCH_PATHS = (
					"$(inherited)",
					"@executable_path/Frameworks",
					"@loader_path/Frameworks",
				);
				PRODUCT_BUNDLE_IDENTIFIER = MVVM.MVVMUITests;
				PRODUCT_NAME = "$(TARGET_NAME)";
				SWIFT_VERSION = 5.0;
				TARGETED_DEVICE_FAMILY = "1,2";
				TEST_TARGET_NAME = MVVM;
			};
			name = Release;
		};
/* End XCBuildConfiguration section */

/* Begin XCConfigurationList section */
		E24DF338263D640A00E50834 /* Build configuration list for PBXProject "MVVM" */ = {
			isa = XCConfigurationList;
			buildConfigurations = (
				E24DF365263D640F00E50834 /* Debug */,
				E24DF366263D640F00E50834 /* Release */,
			);
			defaultConfigurationIsVisible = 0;
			defaultConfigurationName = Release;
		};
		E24DF367263D640F00E50834 /* Build configuration list for PBXNativeTarget "MVVM" */ = {
			isa = XCConfigurationList;
			buildConfigurations = (
				E24DF368263D640F00E50834 /* Debug */,
				E24DF369263D640F00E50834 /* Release */,
			);
			defaultConfigurationIsVisible = 0;
			defaultConfigurationName = Release;
		};
		E24DF36A263D640F00E50834 /* Build configuration list for PBXNativeTarget "MVVMTests" */ = {
			isa = XCConfigurationList;
			buildConfigurations = (
				E24DF36B263D640F00E50834 /* Debug */,
				E24DF36C263D640F00E50834 /* Release */,
			);
			defaultConfigurationIsVisible = 0;
			defaultConfigurationName = Release;
		};
		E24DF36D263D640F00E50834 /* Build configuration list for PBXNativeTarget "MVVMUITests" */ = {
			isa = XCConfigurationList;
			buildConfigurations = (
				E24DF36E263D640F00E50834 /* Debug */,
				E24DF36F263D640F00E50834 /* Release */,
			);
			defaultConfigurationIsVisible = 0;
			defaultConfigurationName = Release;
		};
/* End XCConfigurationList section */
	};
	rootObject = E24DF335263D640A00E50834 /* Project object */;
}
